// !$*UTF8*$!
{
	archiveVersion = 1;
	classes = {
	};
	objectVersion = 46;
	objects = {

/* Begin PBXBuildFile section */
		0837FC281B20575A00325E13 /* AppDelegate.m in Sources */ = {isa = PBXBuildFile; fileRef = 0837FC271B20575A00325E13 /* AppDelegate.m */; };
		0837FC2A1B20575A00325E13 /* main.m in Sources */ = {isa = PBXBuildFile; fileRef = 0837FC291B20575A00325E13 /* main.m */; };
		0837FC2D1B20575A00325E13 /* ViewController.m in Sources */ = {isa = PBXBuildFile; fileRef = 0837FC2C1B20575A00325E13 /* ViewController.m */; };
		0837FC2F1B20575A00325E13 /* Images.xcassets in Resources */ = {isa = PBXBuildFile; fileRef = 0837FC2E1B20575A00325E13 /* Images.xcassets */; };
		0837FC321B20575A00325E13 /* Main.storyboard in Resources */ = {isa = PBXBuildFile; fileRef = 0837FC301B20575A00325E13 /* Main.storyboard */; };
		0837FC3E1B20575A00325E13 /* iStockTests.m in Sources */ = {isa = PBXBuildFile; fileRef = 0837FC3D1B20575A00325E13 /* iStockTests.m */; };
		089D9E581B2120EC0046DA7A /* dataMgr.m in Sources */ = {isa = PBXBuildFile; fileRef = 089D9E571B2120EC0046DA7A /* dataMgr.m */; };
		089D9E6E1B21343D0046DA7A /* AFHTTPRequestOperation.m in Sources */ = {isa = PBXBuildFile; fileRef = 089D9E5C1B21343D0046DA7A /* AFHTTPRequestOperation.m */; };
		089D9E6F1B21343D0046DA7A /* AFHTTPRequestOperationManager.m in Sources */ = {isa = PBXBuildFile; fileRef = 089D9E5E1B21343D0046DA7A /* AFHTTPRequestOperationManager.m */; };
		089D9E701B21343D0046DA7A /* AFHTTPSessionManager.m in Sources */ = {isa = PBXBuildFile; fileRef = 089D9E601B21343D0046DA7A /* AFHTTPSessionManager.m */; };
		089D9E711B21343D0046DA7A /* AFNetworkReachabilityManager.m in Sources */ = {isa = PBXBuildFile; fileRef = 089D9E631B21343D0046DA7A /* AFNetworkReachabilityManager.m */; };
		089D9E721B21343D0046DA7A /* AFSecurityPolicy.m in Sources */ = {isa = PBXBuildFile; fileRef = 089D9E651B21343D0046DA7A /* AFSecurityPolicy.m */; };
		089D9E731B21343D0046DA7A /* AFURLConnectionOperation.m in Sources */ = {isa = PBXBuildFile; fileRef = 089D9E671B21343D0046DA7A /* AFURLConnectionOperation.m */; };
		089D9E741B21343D0046DA7A /* AFURLRequestSerialization.m in Sources */ = {isa = PBXBuildFile; fileRef = 089D9E691B21343D0046DA7A /* AFURLRequestSerialization.m */; };
		089D9E751B21343D0046DA7A /* AFURLResponseSerialization.m in Sources */ = {isa = PBXBuildFile; fileRef = 089D9E6B1B21343D0046DA7A /* AFURLResponseSerialization.m */; };
		089D9E761B21343D0046DA7A /* AFURLSessionManager.m in Sources */ = {isa = PBXBuildFile; fileRef = 089D9E6D1B21343D0046DA7A /* AFURLSessionManager.m */; };
		261884FD1B43AD29008B487D /* mouseView.m in Sources */ = {isa = PBXBuildFile; fileRef = 261884FC1B43AD29008B487D /* mouseView.m */; };
/* End PBXBuildFile section */

/* Begin PBXContainerItemProxy section */
		0837FC381B20575A00325E13 /* PBXContainerItemProxy */ = {
			isa = PBXContainerItemProxy;
			containerPortal = 0837FC191B20575A00325E13 /* Project object */;
			proxyType = 1;
			remoteGlobalIDString = 0837FC201B20575A00325E13;
			remoteInfo = iStock;
		};
/* End PBXContainerItemProxy section */

/* Begin PBXFileReference section */
		0837FC211B20575A00325E13 /* iStock.app */ = {isa = PBXFileReference; explicitFileType = wrapper.application; includeInIndex = 0; path = iStock.app; sourceTree = BUILT_PRODUCTS_DIR; };
		0837FC251B20575A00325E13 /* Info.plist */ = {isa = PBXFileReference; lastKnownFileType = text.plist.xml; path = Info.plist; sourceTree = "<group>"; };
		0837FC261B20575A00325E13 /* AppDelegate.h */ = {isa = PBXFileReference; lastKnownFileType = sourcecode.c.h; path = AppDelegate.h; sourceTree = "<group>"; };
		0837FC271B20575A00325E13 /* AppDelegate.m */ = {isa = PBXFileReference; lastKnownFileType = sourcecode.c.objc; path = AppDelegate.m; sourceTree = "<group>"; };
		0837FC291B20575A00325E13 /* main.m */ = {isa = PBXFileReference; lastKnownFileType = sourcecode.c.objc; path = main.m; sourceTree = "<group>"; };
		0837FC2B1B20575A00325E13 /* ViewController.h */ = {isa = PBXFileReference; lastKnownFileType = sourcecode.c.h; path = ViewController.h; sourceTree = "<group>"; };
		0837FC2C1B20575A00325E13 /* ViewController.m */ = {isa = PBXFileReference; lastKnownFileType = sourcecode.c.objc; path = ViewController.m; sourceTree = "<group>"; };
		0837FC2E1B20575A00325E13 /* Images.xcassets */ = {isa = PBXFileReference; lastKnownFileType = folder.assetcatalog; path = Images.xcassets; sourceTree = "<group>"; };
		0837FC311B20575A00325E13 /* Base */ = {isa = PBXFileReference; lastKnownFileType = file.storyboard; name = Base; path = Base.lproj/Main.storyboard; sourceTree = "<group>"; };
		0837FC371B20575A00325E13 /* iStockTests.xctest */ = {isa = PBXFileReference; explicitFileType = wrapper.cfbundle; includeInIndex = 0; path = iStockTests.xctest; sourceTree = BUILT_PRODUCTS_DIR; };
		0837FC3C1B20575A00325E13 /* Info.plist */ = {isa = PBXFileReference; lastKnownFileType = text.plist.xml; path = Info.plist; sourceTree = "<group>"; };
		0837FC3D1B20575A00325E13 /* iStockTests.m */ = {isa = PBXFileReference; lastKnownFileType = sourcecode.c.objc; path = iStockTests.m; sourceTree = "<group>"; };
		089D9E561B2120EC0046DA7A /* dataMgr.h */ = {isa = PBXFileReference; fileEncoding = 4; lastKnownFileType = sourcecode.c.h; path = dataMgr.h; sourceTree = "<group>"; };
		089D9E571B2120EC0046DA7A /* dataMgr.m */ = {isa = PBXFileReference; fileEncoding = 4; lastKnownFileType = sourcecode.c.objc; path = dataMgr.m; sourceTree = "<group>"; };
		089D9E5B1B21343D0046DA7A /* AFHTTPRequestOperation.h */ = {isa = PBXFileReference; fileEncoding = 4; lastKnownFileType = sourcecode.c.h; path = AFHTTPRequestOperation.h; sourceTree = "<group>"; };
		089D9E5C1B21343D0046DA7A /* AFHTTPRequestOperation.m */ = {isa = PBXFileReference; fileEncoding = 4; lastKnownFileType = sourcecode.c.objc; path = AFHTTPRequestOperation.m; sourceTree = "<group>"; };
		089D9E5D1B21343D0046DA7A /* AFHTTPRequestOperationManager.h */ = {isa = PBXFileReference; fileEncoding = 4; lastKnownFileType = sourcecode.c.h; path = AFHTTPRequestOperationManager.h; sourceTree = "<group>"; };
		089D9E5E1B21343D0046DA7A /* AFHTTPRequestOperationManager.m */ = {isa = PBXFileReference; fileEncoding = 4; lastKnownFileType = sourcecode.c.objc; path = AFHTTPRequestOperationManager.m; sourceTree = "<group>"; };
		089D9E5F1B21343D0046DA7A /* AFHTTPSessionManager.h */ = {isa = PBXFileReference; fileEncoding = 4; lastKnownFileType = sourcecode.c.h; path = AFHTTPSessionManager.h; sourceTree = "<group>"; };
		089D9E601B21343D0046DA7A /* AFHTTPSessionManager.m */ = {isa = PBXFileReference; fileEncoding = 4; lastKnownFileType = sourcecode.c.objc; path = AFHTTPSessionManager.m; sourceTree = "<group>"; };
		089D9E611B21343D0046DA7A /* AFNetworking.h */ = {isa = PBXFileReference; fileEncoding = 4; lastKnownFileType = sourcecode.c.h; path = AFNetworking.h; sourceTree = "<group>"; };
		089D9E621B21343D0046DA7A /* AFNetworkReachabilityManager.h */ = {isa = PBXFileReference; fileEncoding = 4; lastKnownFileType = sourcecode.c.h; path = AFNetworkReachabilityManager.h; sourceTree = "<group>"; };
		089D9E631B21343D0046DA7A /* AFNetworkReachabilityManager.m */ = {isa = PBXFileReference; fileEncoding = 4; lastKnownFileType = sourcecode.c.objc; path = AFNetworkReachabilityManager.m; sourceTree = "<group>"; };
		089D9E641B21343D0046DA7A /* AFSecurityPolicy.h */ = {isa = PBXFileReference; fileEncoding = 4; lastKnownFileType = sourcecode.c.h; path = AFSecurityPolicy.h; sourceTree = "<group>"; };
		089D9E651B21343D0046DA7A /* AFSecurityPolicy.m */ = {isa = PBXFileReference; fileEncoding = 4; lastKnownFileType = sourcecode.c.objc; path = AFSecurityPolicy.m; sourceTree = "<group>"; };
		089D9E661B21343D0046DA7A /* AFURLConnectionOperation.h */ = {isa = PBXFileReference; fileEncoding = 4; lastKnownFileType = sourcecode.c.h; path = AFURLConnectionOperation.h; sourceTree = "<group>"; };
		089D9E671B21343D0046DA7A /* AFURLConnectionOperation.m */ = {isa = PBXFileReference; fileEncoding = 4; lastKnownFileType = sourcecode.c.objc; path = AFURLConnectionOperation.m; sourceTree = "<group>"; };
		089D9E681B21343D0046DA7A /* AFURLRequestSerialization.h */ = {isa = PBXFileReference; fileEncoding = 4; lastKnownFileType = sourcecode.c.h; path = AFURLRequestSerialization.h; sourceTree = "<group>"; };
		089D9E691B21343D0046DA7A /* AFURLRequestSerialization.m */ = {isa = PBXFileReference; fileEncoding = 4; lastKnownFileType = sourcecode.c.objc; path = AFURLRequestSerialization.m; sourceTree = "<group>"; };
		089D9E6A1B21343D0046DA7A /* AFURLResponseSerialization.h */ = {isa = PBXFileReference; fileEncoding = 4; lastKnownFileType = sourcecode.c.h; path = AFURLResponseSerialization.h; sourceTree = "<group>"; };
		089D9E6B1B21343D0046DA7A /* AFURLResponseSerialization.m */ = {isa = PBXFileReference; fileEncoding = 4; lastKnownFileType = sourcecode.c.objc; path = AFURLResponseSerialization.m; sourceTree = "<group>"; };
		089D9E6C1B21343D0046DA7A /* AFURLSessionManager.h */ = {isa = PBXFileReference; fileEncoding = 4; lastKnownFileType = sourcecode.c.h; path = AFURLSessionManager.h; sourceTree = "<group>"; };
		089D9E6D1B21343D0046DA7A /* AFURLSessionManager.m */ = {isa = PBXFileReference; fileEncoding = 4; lastKnownFileType = sourcecode.c.objc; path = AFURLSessionManager.m; sourceTree = "<group>"; };
		261884FB1B43AD29008B487D /* mouseView.h */ = {isa = PBXFileReference; fileEncoding = 4; lastKnownFileType = sourcecode.c.h; path = mouseView.h; sourceTree = "<group>"; };
		261884FC1B43AD29008B487D /* mouseView.m */ = {isa = PBXFileReference; fileEncoding = 4; lastKnownFileType = sourcecode.c.objc; path = mouseView.m; sourceTree = "<group>"; };
/* End PBXFileReference section */

/* Begin PBXFrameworksBuildPhase section */
		0837FC1E1B20575A00325E13 /* Frameworks */ = {
			isa = PBXFrameworksBuildPhase;
			buildActionMask = 2147483647;
			files = (
			);
			runOnlyForDeploymentPostprocessing = 0;
		};
		0837FC341B20575A00325E13 /* Frameworks */ = {
			isa = PBXFrameworksBuildPhase;
			buildActionMask = 2147483647;
			files = (
			);
			runOnlyForDeploymentPostprocessing = 0;
		};
/* End PBXFrameworksBuildPhase section */

/* Begin PBXGroup section */
		0837FC181B20575A00325E13 = {
			isa = PBXGroup;
			children = (
				0837FC231B20575A00325E13 /* iStock */,
				0837FC3A1B20575A00325E13 /* iStockTests */,
				0837FC221B20575A00325E13 /* Products */,
			);
			sourceTree = "<group>";
		};
		0837FC221B20575A00325E13 /* Products */ = {
			isa = PBXGroup;
			children = (
				0837FC211B20575A00325E13 /* iStock.app */,
				0837FC371B20575A00325E13 /* iStockTests.xctest */,
			);
			name = Products;
			sourceTree = "<group>";
		};
		0837FC231B20575A00325E13 /* iStock */ = {
			isa = PBXGroup;
			children = (
				089D9E5A1B21343D0046DA7A /* AFNetworking */,
				0837FC261B20575A00325E13 /* AppDelegate.h */,
				0837FC271B20575A00325E13 /* AppDelegate.m */,
				0837FC2B1B20575A00325E13 /* ViewController.h */,
				0837FC2C1B20575A00325E13 /* ViewController.m */,
				0837FC2E1B20575A00325E13 /* Images.xcassets */,
				0837FC301B20575A00325E13 /* Main.storyboard */,
				0837FC241B20575A00325E13 /* Supporting Files */,
				089D9E561B2120EC0046DA7A /* dataMgr.h */,
				089D9E571B2120EC0046DA7A /* dataMgr.m */,
				261884FB1B43AD29008B487D /* mouseView.h */,
				261884FC1B43AD29008B487D /* mouseView.m */,
			);
			path = iStock;
			sourceTree = "<group>";
		};
		0837FC241B20575A00325E13 /* Supporting Files */ = {
			isa = PBXGroup;
			children = (
				0837FC251B20575A00325E13 /* Info.plist */,
				0837FC291B20575A00325E13 /* main.m */,
			);
			name = "Supporting Files";
			sourceTree = "<group>";
		};
		0837FC3A1B20575A00325E13 /* iStockTests */ = {
			isa = PBXGroup;
			children = (
				0837FC3D1B20575A00325E13 /* iStockTests.m */,
				0837FC3B1B20575A00325E13 /* Supporting Files */,
			);
			path = iStockTests;
			sourceTree = "<group>";
		};
		0837FC3B1B20575A00325E13 /* Supporting Files */ = {
			isa = PBXGroup;
			children = (
				0837FC3C1B20575A00325E13 /* Info.plist */,
			);
			name = "Supporting Files";
			sourceTree = "<group>";
		};
		089D9E5A1B21343D0046DA7A /* AFNetworking */ = {
			isa = PBXGroup;
			children = (
				089D9E5B1B21343D0046DA7A /* AFHTTPRequestOperation.h */,
				089D9E5C1B21343D0046DA7A /* AFHTTPRequestOperation.m */,
				089D9E5D1B21343D0046DA7A /* AFHTTPRequestOperationManager.h */,
				089D9E5E1B21343D0046DA7A /* AFHTTPRequestOperationManager.m */,
				089D9E5F1B21343D0046DA7A /* AFHTTPSessionManager.h */,
				089D9E601B21343D0046DA7A /* AFHTTPSessionManager.m */,
				089D9E611B21343D0046DA7A /* AFNetworking.h */,
				089D9E621B21343D0046DA7A /* AFNetworkReachabilityManager.h */,
				089D9E631B21343D0046DA7A /* AFNetworkReachabilityManager.m */,
				089D9E641B21343D0046DA7A /* AFSecurityPolicy.h */,
				089D9E651B21343D0046DA7A /* AFSecurityPolicy.m */,
				089D9E661B21343D0046DA7A /* AFURLConnectionOperation.h */,
				089D9E671B21343D0046DA7A /* AFURLConnectionOperation.m */,
				089D9E681B21343D0046DA7A /* AFURLRequestSerialization.h */,
				089D9E691B21343D0046DA7A /* AFURLRequestSerialization.m */,
				089D9E6A1B21343D0046DA7A /* AFURLResponseSerialization.h */,
				089D9E6B1B21343D0046DA7A /* AFURLResponseSerialization.m */,
				089D9E6C1B21343D0046DA7A /* AFURLSessionManager.h */,
				089D9E6D1B21343D0046DA7A /* AFURLSessionManager.m */,
			);
			path = AFNetworking;
			sourceTree = "<group>";
		};
/* End PBXGroup section */

/* Begin PBXNativeTarget section */
		0837FC201B20575A00325E13 /* iStock */ = {
			isa = PBXNativeTarget;
			buildConfigurationList = 0837FC411B20575A00325E13 /* Build configuration list for PBXNativeTarget "iStock" */;
			buildPhases = (
				0837FC1D1B20575A00325E13 /* Sources */,
				0837FC1E1B20575A00325E13 /* Frameworks */,
				0837FC1F1B20575A00325E13 /* Resources */,
			);
			buildRules = (
			);
			dependencies = (
			);
			name = iStock;
			productName = iStock;
			productReference = 0837FC211B20575A00325E13 /* iStock.app */;
			productType = "com.apple.product-type.application";
		};
		0837FC361B20575A00325E13 /* iStockTests */ = {
			isa = PBXNativeTarget;
			buildConfigurationList = 0837FC441B20575A00325E13 /* Build configuration list for PBXNativeTarget "iStockTests" */;
			buildPhases = (
				0837FC331B20575A00325E13 /* Sources */,
				0837FC341B20575A00325E13 /* Frameworks */,
				0837FC351B20575A00325E13 /* Resources */,
			);
			buildRules = (
			);
			dependencies = (
				0837FC391B20575A00325E13 /* PBXTargetDependency */,
			);
			name = iStockTests;
			productName = iStockTests;
			productReference = 0837FC371B20575A00325E13 /* iStockTests.xctest */;
			productType = "com.apple.product-type.bundle.unit-test";
		};
/* End PBXNativeTarget section */

/* Begin PBXProject section */
		0837FC191B20575A00325E13 /* Project object */ = {
			isa = PBXProject;
			attributes = {
				LastUpgradeCheck = 0620;
				ORGANIZATIONNAME = McKeeLin;
				TargetAttributes = {
					0837FC201B20575A00325E13 = {
						CreatedOnToolsVersion = 6.2;
					};
					0837FC361B20575A00325E13 = {
						CreatedOnToolsVersion = 6.2;
						TestTargetID = 0837FC201B20575A00325E13;
					};
				};
			};
			buildConfigurationList = 0837FC1C1B20575A00325E13 /* Build configuration list for PBXProject "iStock" */;
			compatibilityVersion = "Xcode 3.2";
			developmentRegion = English;
			hasScannedForEncodings = 0;
			knownRegions = (
				en,
				Base,
			);
			mainGroup = 0837FC181B20575A00325E13;
			productRefGroup = 0837FC221B20575A00325E13 /* Products */;
			projectDirPath = "";
			projectRoot = "";
			targets = (
				0837FC201B20575A00325E13 /* iStock */,
				0837FC361B20575A00325E13 /* iStockTests */,
			);
		};
/* End PBXProject section */

/* Begin PBXResourcesBuildPhase section */
		0837FC1F1B20575A00325E13 /* Resources */ = {
			isa = PBXResourcesBuildPhase;
			buildActionMask = 2147483647;
			files = (
				0837FC2F1B20575A00325E13 /* Images.xcassets in Resources */,
				0837FC321B20575A00325E13 /* Main.storyboard in Resources */,
			);
			runOnlyForDeploymentPostprocessing = 0;
		};
		0837FC351B20575A00325E13 /* Resources */ = {
			isa = PBXResourcesBuildPhase;
			buildActionMask = 2147483647;
			files = (
			);
			runOnlyForDeploymentPostprocessing = 0;
		};
/* End PBXResourcesBuildPhase section */

/* Begin PBXSourcesBuildPhase section */
		0837FC1D1B20575A00325E13 /* Sources */ = {
			isa = PBXSourcesBuildPhase;
			buildActionMask = 2147483647;
			files = (
				261884FD1B43AD29008B487D /* mouseView.m in Sources */,
				0837FC2D1B20575A00325E13 /* ViewController.m in Sources */,
				089D9E721B21343D0046DA7A /* AFSecurityPolicy.m in Sources */,
				0837FC2A1B20575A00325E13 /* main.m in Sources */,
				089D9E6F1B21343D0046DA7A /* AFHTTPRequestOperationManager.m in Sources */,
				089D9E731B21343D0046DA7A /* AFURLConnectionOperation.m in Sources */,
				089D9E6E1B21343D0046DA7A /* AFHTTPRequestOperation.m in Sources */,
				0837FC281B20575A00325E13 /* AppDelegate.m in Sources */,
				089D9E741B21343D0046DA7A /* AFURLRequestSerialization.m in Sources */,
				089D9E701B21343D0046DA7A /* AFHTTPSessionManager.m in Sources */,
				089D9E711B21343D0046DA7A /* AFNetworkReachabilityManager.m in Sources */,
				089D9E751B21343D0046DA7A /* AFURLResponseSerialization.m in Sources */,
				089D9E761B21343D0046DA7A /* AFURLSessionManager.m in Sources */,
				089D9E581B2120EC0046DA7A /* dataMgr.m in Sources */,
			);
			runOnlyForDeploymentPostprocessing = 0;
		};
		0837FC331B20575A00325E13 /* Sources */ = {
			isa = PBXSourcesBuildPhase;
			buildActionMask = 2147483647;
			files = (
				0837FC3E1B20575A00325E13 /* iStockTests.m in Sources */,
			);
			runOnlyForDeploymentPostprocessing = 0;
		};
/* End PBXSourcesBuildPhase section */

/* Begin PBXTargetDependency section */
		0837FC391B20575A00325E13 /* PBXTargetDependency */ = {
			isa = PBXTargetDependency;
			target = 0837FC201B20575A00325E13 /* iStock */;
			targetProxy = 0837FC381B20575A00325E13 /* PBXContainerItemProxy */;
		};
/* End PBXTargetDependency section */

/* Begin PBXVariantGroup section */
		0837FC301B20575A00325E13 /* Main.storyboard */ = {
			isa = PBXVariantGroup;
			children = (
				0837FC311B20575A00325E13 /* Base */,
			);
			name = Main.storyboard;
			sourceTree = "<group>";
		};
/* End PBXVariantGroup section */

/* Begin XCBuildConfiguration section */
		0837FC3F1B20575A00325E13 /* Debug */ = {
			isa = XCBuildConfiguration;
			buildSettings = {
				ALWAYS_SEARCH_USER_PATHS = NO;
				CLANG_CXX_LANGUAGE_STANDARD = "gnu++0x";
				CLANG_CXX_LIBRARY = "libc++";
				CLANG_ENABLE_MODULES = YES;
				CLANG_ENABLE_OBJC_ARC = YES;
				CLANG_WARN_BOOL_CONVERSION = YES;
				CLANG_WARN_CONSTANT_CONVERSION = YES;
				CLANG_WARN_DIRECT_OBJC_ISA_USAGE = YES_ERROR;
				CLANG_WARN_EMPTY_BODY = YES;
				CLANG_WARN_ENUM_CONVERSION = YES;
				CLANG_WARN_INT_CONVERSION = YES;
				CLANG_WARN_OBJC_ROOT_CLASS = YES_ERROR;
				CLANG_WARN_UNREACHABLE_CODE = YES;
				CLANG_WARN__DUPLICATE_METHOD_MATCH = YES;
				CODE_SIGN_IDENTITY = "-";
				COPY_PHASE_STRIP = NO;
				ENABLE_STRICT_OBJC_MSGSEND = YES;
				GCC_C_LANGUAGE_STANDARD = gnu99;
				GCC_DYNAMIC_NO_PIC = NO;
				GCC_OPTIMIZATION_LEVEL = 0;
				GCC_PREPROCESSOR_DEFINITIONS = (
					"DEBUG=1",
					"$(inherited)",
				);
				GCC_SYMBOLS_PRIVATE_EXTERN = NO;
				GCC_WARN_64_TO_32_BIT_CONVERSION = YES;
				GCC_WARN_ABOUT_RETURN_TYPE = YES_ERROR;
				GCC_WARN_UNDECLARED_SELECTOR = YES;
				GCC_WARN_UNINITIALIZED_AUTOS = YES_AGGRESSIVE;
				GCC_WARN_UNUSED_FUNCTION = YES;
				GCC_WARN_UNUSED_VARIABLE = YES;
				MACOSX_DEPLOYMENT_TARGET = 10.10;
				MTL_ENABLE_DEBUG_INFO = YES;
				ONLY_ACTIVE_ARCH = YES;
				SDKROOT = macosx;
			};
			name = Debug;
		};
		0837FC401B20575A00325E13 /* Release */ = {
			isa = XCBuildConfiguration;
			buildSettings = {
				ALWAYS_SEARCH_USER_PATHS = NO;
				CLANG_CXX_LANGUAGE_STANDARD = "gnu++0x";
				CLANG_CXX_LIBRARY = "libc++";
				CLANG_ENABLE_MODULES = YES;
				CLANG_ENABLE_OBJC_ARC = YES;
				CLANG_WARN_BOOL_CONVERSION = YES;
				CLANG_WARN_CONSTANT_CONVERSION = YES;
				CLANG_WARN_DIRECT_OBJC_ISA_USAGE = YES_ERROR;
				CLANG_WARN_EMPTY_BODY = YES;
				CLANG_WARN_ENUM_CONVERSION = YES;
				CLANG_WARN_INT_CONVERSION = YES;
				CLANG_WARN_OBJC_ROOT_CLASS = YES_ERROR;
				CLANG_WARN_UNREACHABLE_CODE = YES;
				CLANG_WARN__DUPLICATE_METHOD_MATCH = YES;
				CODE_SIGN_IDENTITY = "-";
				COPY_PHASE_STRIP = NO;
				DEBUG_INFORMATION_FORMAT = "dwarf-with-dsym";
				ENABLE_NS_ASSERTIONS = NO;
				ENABLE_STRICT_OBJC_MSGSEND = YES;
				GCC_C_LANGUAGE_STANDARD = gnu99;
				GCC_WARN_64_TO_32_BIT_CONVERSION = YES;
				GCC_WARN_ABOUT_RETURN_TYPE = YES_ERROR;
				GCC_WARN_UNDECLARED_SELECTOR = YES;
				GCC_WARN_UNINITIALIZED_AUTOS = YES_AGGRESSIVE;
				GCC_WARN_UNUSED_FUNCTION = YES;
				GCC_WARN_UNUSED_VARIABLE = YES;
				MACOSX_DEPLOYMENT_TARGET = 10.10;
				MTL_ENABLE_DEBUG_INFO = NO;
				SDKROOT = macosx;
			};
			name = Release;
		};
		0837FC421B20575A00325E13 /* Debug */ = {
			isa = XCBuildConfiguration;
			buildSettings = {
				ASSETCATALOG_COMPILER_APPICON_NAME = AppIcon;
				COMBINE_HIDPI_IMAGES = YES;
				INFOPLIST_FILE = iStock/Info.plist;
				LD_RUNPATH_SEARCH_PATHS = "$(inherited) @executable_path/../Frameworks";
				PRODUCT_NAME = "$(TARGET_NAME)";
			};
			name = Debug;
		};
		0837FC431B20575A00325E13 /* Release */ = {
			isa = XCBuildConfiguration;
			buildSettings = {
				ASSETCATALOG_COMPILER_APPICON_NAME = AppIcon;
				COMBINE_HIDPI_IMAGES = YES;
				INFOPLIST_FILE = iStock/Info.plist;
				LD_RUNPATH_SEARCH_PATHS = "$(inherited) @executable_path/../Frameworks";
				PRODUCT_NAME = "$(TARGET_NAME)";
			};
			name = Release;
		};
		0837FC451B20575A00325E13 /* Debug */ = {
			isa = XCBuildConfiguration;
			buildSettings = {
				BUNDLE_LOADER = "$(TEST_HOST)";
				COMBINE_HIDPI_IMAGES = YES;
				FRAMEWORK_SEARCH_PATHS = (
					"$(DEVELOPER_FRAMEWORKS_DIR)",
					"$(inherited)",
				);
				GCC_PREPROCESSOR_DEFINITIONS = (
					"DEBUG=1",
					"$(inherited)",
				);
				INFOPLIST_FILE = iStockTests/Info.plist;
				LD_RUNPATH_SEARCH_PATHS = "$(inherited) @executable_path/../Frameworks @loader_path/../Frameworks";
				PRODUCT_NAME = "$(TARGET_NAME)";
				TEST_HOST = "$(BUILT_PRODUCTS_DIR)/iStock.app/Contents/MacOS/iStock";
			};
			name = Debug;
		};
		0837FC461B20575A00325E13 /* Release */ = {
			isa = XCBuildConfiguration;
			buildSettings = {
				BUNDLE_LOADER = "$(TEST_HOST)";
				COMBINE_HIDPI_IMAGES = YES;
				FRAMEWORK_SEARCH_PATHS = (
					"$(DEVELOPER_FRAMEWORKS_DIR)",
					"$(inherited)",
				);
				INFOPLIST_FILE = iStockTests/Info.plist;
				LD_RUNPATH_SEARCH_PATHS = "$(inherited) @executable_path/../Frameworks @loader_path/../Frameworks";
				PRODUCT_NAME = "$(TARGET_NAME)";
				TEST_HOST = "$(BUILT_PRODUCTS_DIR)/iStock.app/Contents/MacOS/iStock";
			};
			name = Release;
		};
/* End XCBuildConfiguration section */

/* Begin XCConfigurationList section */
		0837FC1C1B20575A00325E13 /* Build configuration list for PBXProject "iStock" */ = {
			isa = XCConfigurationList;
			buildConfigurations = (
				0837FC3F1B20575A00325E13 /* Debug */,
				0837FC401B20575A00325E13 /* Release */,
			);
			defaultConfigurationIsVisible = 0;
			defaultConfigurationName = Release;
		};
		0837FC411B20575A00325E13 /* Build configuration list for PBXNativeTarget "iStock" */ = {
			isa = XCConfigurationList;
			buildConfigurations = (
				0837FC421B20575A00325E13 /* Debug */,
				0837FC431B20575A00325E13 /* Release */,
			);
			defaultConfigurationIsVisible = 0;
			defaultConfigurationName = Release;
		};
		0837FC441B20575A00325E13 /* Build configuration list for PBXNativeTarget "iStockTests" */ = {
			isa = XCConfigurationList;
			buildConfigurations = (
				0837FC451B20575A00325E13 /* Debug */,
				0837FC461B20575A00325E13 /* Release */,
			);
			defaultConfigurationIsVisible = 0;
			defaultConfigurationName = Release;
		};
/* End XCConfigurationList section */
	};
	rootObject = 0837FC191B20575A00325E13 /* Project object */;
}
